
Microsoft Visual Studio Solution File, Format Version 12.00
# Visual Studio 2013
VisualStudioVersion = 12.0.21005.1
MinimumVisualStudioVersion = 10.0.40219.1
Project("{FAE04EC0-301F-11D3-BF4B-00C04F79EFBC}") = "Sirindar", "Sirindar\Sirindar.csproj", "{F9114D87-89FE-43D0-94CE-DD947A3363EA}"
EndProject
Project("{FAE04EC0-301F-11D3-BF4B-00C04F79EFBC}") = "CNSirindar", "CNSirindar\CNSirindar.csproj", "{F7B9AEFC-AF3B-4E65-9CAF-BDFDCF33E49C}"
EndProject
Project("{FAE04EC0-301F-11D3-BF4B-00C04F79EFBC}") = "Cafeteria", "Cafeteria\Cafeteria.csproj", "{E31CA114-4640-4B77-AB7B-9F8109F36738}"
EndProject
Project("{FAE04EC0-301F-11D3-BF4B-00C04F79EFBC}") = "SirindarApi", "SirindarApi\SirindarApi.csproj", "{C7A92956-2057-4ED1-96EC-B0700772A74F}"
EndProject
Global
	GlobalSection(SubversionScc) = preSolution
		Svn-Managed = True
		Manager = AnkhSVN - Subversion Support for Visual Studio
	EndGlobalSection
	GlobalSection(SolutionConfigurationPlatforms) = preSolution
		Debug|Any CPU = Debug|Any CPU
		Release|Any CPU = Release|Any CPU
	EndGlobalSection
	GlobalSection(ProjectConfigurationPlatforms) = postSolution
		{F9114D87-89FE-43D0-94CE-DD947A3363EA}.Debug|Any CPU.ActiveCfg = Debug|Any CPU
		{F9114D87-89FE-43D0-94CE-DD947A3363EA}.Debug|Any CPU.Build.0 = Debug|Any CPU
		{F9114D87-89FE-43D0-94CE-DD947A3363EA}.Release|Any CPU.ActiveCfg = Release|Any CPU
		{F9114D87-89FE-43D0-94CE-DD947A3363EA}.Release|Any CPU.Build.0 = Release|Any CPU
		{F7B9AEFC-AF3B-4E65-9CAF-BDFDCF33E49C}.Debug|Any CPU.ActiveCfg = Debug|Any CPU
		{F7B9AEFC-AF3B-4E65-9CAF-BDFDCF33E49C}.Debug|Any CPU.Build.0 = Debug|Any CPU
		{F7B9AEFC-AF3B-4E65-9CAF-BDFDCF33E49C}.Release|Any CPU.ActiveCfg = Release|Any CPU
		{F7B9AEFC-AF3B-4E65-9CAF-BDFDCF33E49C}.Release|Any CPU.Build.0 = Release|Any CPU
		{E31CA114-4640-4B77-AB7B-9F8109F36738}.Debug|Any CPU.ActiveCfg = Debug|Any CPU
		{E31CA114-4640-4B77-AB7B-9F8109F36738}.Debug|Any CPU.Build.0 = Debug|Any CPU
		{E31CA114-4640-4B77-AB7B-9F8109F36738}.Release|Any CPU.ActiveCfg = Release|Any CPU
		{E31CA114-4640-4B77-AB7B-9F8109F36738}.Release|Any CPU.Build.0 = Release|Any CPU
		{C7A92956-2057-4ED1-96EC-B0700772A74F}.Debug|Any CPU.ActiveCfg = Debug|Any CPU
		{C7A92956-2057-4ED1-96EC-B0700772A74F}.Debug|Any CPU.Build.0 = Debug|Any CPU
		{C7A92956-2057-4ED1-96EC-B0700772A74F}.Release|Any CPU.ActiveCfg = Release|Any CPU
		{C7A92956-2057-4ED1-96EC-B0700772A74F}.Release|Any CPU.Build.0 = Release|Any CPU
	EndGlobalSection
	GlobalSection(SolutionProperties) = preSolution
		HideSolutionNode = FALSE
	EndGlobalSection
EndGlobal
